// !$*UTF8*$!
{
	archiveVersion = 1;
	classes = {
	};
	objectVersion = 46;
	objects = {

/* Begin PBXBuildFile section */
		2E362E351A1BDBA500D6968B /* VlKeynrSound.swift in Sources */ = {isa = PBXBuildFile; fileRef = 40A8A0BB1A17A98B00FC9B79 /* VlKeynrSound.swift */; };
		2E362E381A1BDDC000D6968B /* VlKeynrButton.swift in Sources */ = {isa = PBXBuildFile; fileRef = 2E362E361A1BDDC000D6968B /* VlKeynrButton.swift */; };
		2E362E391A1BDDC000D6968B /* VlKeynrPad.xib in Resources */ = {isa = PBXBuildFile; fileRef = 2E362E371A1BDDC000D6968B /* VlKeynrPad.xib */; };
		2E362E3F1A1BDE5600D6968B /* VlKeynrButton.swift in Sources */ = {isa = PBXBuildFile; fileRef = 2E362E361A1BDDC000D6968B /* VlKeynrButton.swift */; };
		2E362E401A1BDE5700D6968B /* VlKeynrButton.swift in Sources */ = {isa = PBXBuildFile; fileRef = 2E362E361A1BDDC000D6968B /* VlKeynrButton.swift */; };
		2E362E411A1BDE5E00D6968B /* VlKeynrPad.xib in Resources */ = {isa = PBXBuildFile; fileRef = 2E362E371A1BDDC000D6968B /* VlKeynrPad.xib */; };
		2E362E571A1BF29B00D6968B /* BonanzaButtonBackground0.png in Resources */ = {isa = PBXBuildFile; fileRef = 2E362E461A1BF29B00D6968B /* BonanzaButtonBackground0.png */; };
		2E362E581A1BF29B00D6968B /* BonanzaButtonBackground0.png in Resources */ = {isa = PBXBuildFile; fileRef = 2E362E461A1BF29B00D6968B /* BonanzaButtonBackground0.png */; };
		2E362E591A1BF29B00D6968B /* BonanzaButtonBackground0.png in Resources */ = {isa = PBXBuildFile; fileRef = 2E362E461A1BF29B00D6968B /* BonanzaButtonBackground0.png */; };
		2E362E5A1A1BF29B00D6968B /* BonanzaButtonBackground0.png in Resources */ = {isa = PBXBuildFile; fileRef = 2E362E461A1BF29B00D6968B /* BonanzaButtonBackground0.png */; };
		2E362E5B1A1BF29B00D6968B /* BonanzaButtonBackground1.png in Resources */ = {isa = PBXBuildFile; fileRef = 2E362E471A1BF29B00D6968B /* BonanzaButtonBackground1.png */; };
		2E362E5C1A1BF29B00D6968B /* BonanzaButtonBackground1.png in Resources */ = {isa = PBXBuildFile; fileRef = 2E362E471A1BF29B00D6968B /* BonanzaButtonBackground1.png */; };
		2E362E5D1A1BF29B00D6968B /* BonanzaButtonBackground1.png in Resources */ = {isa = PBXBuildFile; fileRef = 2E362E471A1BF29B00D6968B /* BonanzaButtonBackground1.png */; };
		2E362E5E1A1BF29B00D6968B /* BonanzaButtonBackground1.png in Resources */ = {isa = PBXBuildFile; fileRef = 2E362E471A1BF29B00D6968B /* BonanzaButtonBackground1.png */; };
		2E362E5F1A1BF29B00D6968B /* BonanzaButtonBackground2.png in Resources */ = {isa = PBXBuildFile; fileRef = 2E362E481A1BF29B00D6968B /* BonanzaButtonBackground2.png */; };
		2E362E601A1BF29B00D6968B /* BonanzaButtonBackground2.png in Resources */ = {isa = PBXBuildFile; fileRef = 2E362E481A1BF29B00D6968B /* BonanzaButtonBackground2.png */; };
		2E362E611A1BF29B00D6968B /* BonanzaButtonBackground2.png in Resources */ = {isa = PBXBuildFile; fileRef = 2E362E481A1BF29B00D6968B /* BonanzaButtonBackground2.png */; };
		2E362E621A1BF29B00D6968B /* BonanzaButtonBackground2.png in Resources */ = {isa = PBXBuildFile; fileRef = 2E362E481A1BF29B00D6968B /* BonanzaButtonBackground2.png */; };
		2E362E631A1BF29B00D6968B /* BonanzaButtonBackground3.png in Resources */ = {isa = PBXBuildFile; fileRef = 2E362E491A1BF29B00D6968B /* BonanzaButtonBackground3.png */; };
		2E362E641A1BF29B00D6968B /* BonanzaButtonBackground3.png in Resources */ = {isa = PBXBuildFile; fileRef = 2E362E491A1BF29B00D6968B /* BonanzaButtonBackground3.png */; };
		2E362E651A1BF29B00D6968B /* BonanzaButtonBackground3.png in Resources */ = {isa = PBXBuildFile; fileRef = 2E362E491A1BF29B00D6968B /* BonanzaButtonBackground3.png */; };
		2E362E661A1BF29B00D6968B /* BonanzaButtonBackground3.png in Resources */ = {isa = PBXBuildFile; fileRef = 2E362E491A1BF29B00D6968B /* BonanzaButtonBackground3.png */; };
		2E362E671A1BF29B00D6968B /* BonanzaButtonBackground4.png in Resources */ = {isa = PBXBuildFile; fileRef = 2E362E4A1A1BF29B00D6968B /* BonanzaButtonBackground4.png */; };
		2E362E681A1BF29B00D6968B /* BonanzaButtonBackground4.png in Resources */ = {isa = PBXBuildFile; fileRef = 2E362E4A1A1BF29B00D6968B /* BonanzaButtonBackground4.png */; };
		2E362E691A1BF29B00D6968B /* BonanzaButtonBackground4.png in Resources */ = {isa = PBXBuildFile; fileRef = 2E362E4A1A1BF29B00D6968B /* BonanzaButtonBackground4.png */; };
		2E362E6A1A1BF29B00D6968B /* BonanzaButtonBackground4.png in Resources */ = {isa = PBXBuildFile; fileRef = 2E362E4A1A1BF29B00D6968B /* BonanzaButtonBackground4.png */; };
		2E362E6B1A1BF29B00D6968B /* BonanzaButtonBackground5.png in Resources */ = {isa = PBXBuildFile; fileRef = 2E362E4B1A1BF29B00D6968B /* BonanzaButtonBackground5.png */; };
		2E362E6C1A1BF29B00D6968B /* BonanzaButtonBackground5.png in Resources */ = {isa = PBXBuildFile; fileRef = 2E362E4B1A1BF29B00D6968B /* BonanzaButtonBackground5.png */; };
		2E362E6D1A1BF29B00D6968B /* BonanzaButtonBackground5.png in Resources */ = {isa = PBXBuildFile; fileRef = 2E362E4B1A1BF29B00D6968B /* BonanzaButtonBackground5.png */; };
		2E362E6E1A1BF29B00D6968B /* BonanzaButtonBackground5.png in Resources */ = {isa = PBXBuildFile; fileRef = 2E362E4B1A1BF29B00D6968B /* BonanzaButtonBackground5.png */; };
		2E362E6F1A1BF29B00D6968B /* BonanzaButtonBackground6.png in Resources */ = {isa = PBXBuildFile; fileRef = 2E362E4C1A1BF29B00D6968B /* BonanzaButtonBackground6.png */; };
		2E362E701A1BF29B00D6968B /* BonanzaButtonBackground6.png in Resources */ = {isa = PBXBuildFile; fileRef = 2E362E4C1A1BF29B00D6968B /* BonanzaButtonBackground6.png */; };
		2E362E711A1BF29B00D6968B /* BonanzaButtonBackground6.png in Resources */ = {isa = PBXBuildFile; fileRef = 2E362E4C1A1BF29B00D6968B /* BonanzaButtonBackground6.png */; };
		2E362E721A1BF29B00D6968B /* BonanzaButtonBackground6.png in Resources */ = {isa = PBXBuildFile; fileRef = 2E362E4C1A1BF29B00D6968B /* BonanzaButtonBackground6.png */; };
		2E362E731A1BF29B00D6968B /* BonanzaLogo.png in Resources */ = {isa = PBXBuildFile; fileRef = 2E362E4D1A1BF29B00D6968B /* BonanzaLogo.png */; };
		2E362E741A1BF29B00D6968B /* BonanzaLogo.png in Resources */ = {isa = PBXBuildFile; fileRef = 2E362E4D1A1BF29B00D6968B /* BonanzaLogo.png */; };
		2E362E751A1BF29B00D6968B /* BonanzaLogo.png in Resources */ = {isa = PBXBuildFile; fileRef = 2E362E4D1A1BF29B00D6968B /* BonanzaLogo.png */; };
		2E362E761A1BF29B00D6968B /* BonanzaLogo.png in Resources */ = {isa = PBXBuildFile; fileRef = 2E362E4D1A1BF29B00D6968B /* BonanzaLogo.png */; };
		2E362E771A1BF29B00D6968B /* SoftMatt.mp3 in Resources */ = {isa = PBXBuildFile; fileRef = 2E362E4F1A1BF29B00D6968B /* SoftMatt.mp3 */; };
		2E362E781A1BF29B00D6968B /* SoftMatt.mp3 in Resources */ = {isa = PBXBuildFile; fileRef = 2E362E4F1A1BF29B00D6968B /* SoftMatt.mp3 */; };
		2E362E791A1BF29B00D6968B /* SoftMatt.mp3 in Resources */ = {isa = PBXBuildFile; fileRef = 2E362E4F1A1BF29B00D6968B /* SoftMatt.mp3 */; };
		2E362E7A1A1BF29B00D6968B /* SoftMatt.mp3 in Resources */ = {isa = PBXBuildFile; fileRef = 2E362E4F1A1BF29B00D6968B /* SoftMatt.mp3 */; };
		2E362E7B1A1BF29B00D6968B /* Suspense Accents 01.caf in Resources */ = {isa = PBXBuildFile; fileRef = 2E362E501A1BF29B00D6968B /* Suspense Accents 01.caf */; };
		2E362E7C1A1BF29B00D6968B /* Suspense Accents 01.caf in Resources */ = {isa = PBXBuildFile; fileRef = 2E362E501A1BF29B00D6968B /* Suspense Accents 01.caf */; };
		2E362E7D1A1BF29B00D6968B /* Suspense Accents 01.caf in Resources */ = {isa = PBXBuildFile; fileRef = 2E362E501A1BF29B00D6968B /* Suspense Accents 01.caf */; };
		2E362E7E1A1BF29B00D6968B /* Suspense Accents 01.caf in Resources */ = {isa = PBXBuildFile; fileRef = 2E362E501A1BF29B00D6968B /* Suspense Accents 01.caf */; };
		2E362E7F1A1BF29B00D6968B /* Suspense Accents 02.caf in Resources */ = {isa = PBXBuildFile; fileRef = 2E362E511A1BF29B00D6968B /* Suspense Accents 02.caf */; };
		2E362E801A1BF29B00D6968B /* Suspense Accents 02.caf in Resources */ = {isa = PBXBuildFile; fileRef = 2E362E511A1BF29B00D6968B /* Suspense Accents 02.caf */; };
		2E362E811A1BF29B00D6968B /* Suspense Accents 02.caf in Resources */ = {isa = PBXBuildFile; fileRef = 2E362E511A1BF29B00D6968B /* Suspense Accents 02.caf */; };
		2E362E821A1BF29B00D6968B /* Suspense Accents 02.caf in Resources */ = {isa = PBXBuildFile; fileRef = 2E362E511A1BF29B00D6968B /* Suspense Accents 02.caf */; };
		2E362E831A1BF29B00D6968B /* Suspense Accents 03.caf in Resources */ = {isa = PBXBuildFile; fileRef = 2E362E521A1BF29B00D6968B /* Suspense Accents 03.caf */; };
		2E362E841A1BF29B00D6968B /* Suspense Accents 03.caf in Resources */ = {isa = PBXBuildFile; fileRef = 2E362E521A1BF29B00D6968B /* Suspense Accents 03.caf */; };
		2E362E851A1BF29B00D6968B /* Suspense Accents 03.caf in Resources */ = {isa = PBXBuildFile; fileRef = 2E362E521A1BF29B00D6968B /* Suspense Accents 03.caf */; };
		2E362E861A1BF29B00D6968B /* Suspense Accents 03.caf in Resources */ = {isa = PBXBuildFile; fileRef = 2E362E521A1BF29B00D6968B /* Suspense Accents 03.caf */; };
		2E362E871A1BF29B00D6968B /* Suspense Accents 04.caf in Resources */ = {isa = PBXBuildFile; fileRef = 2E362E531A1BF29B00D6968B /* Suspense Accents 04.caf */; };
		2E362E881A1BF29B00D6968B /* Suspense Accents 04.caf in Resources */ = {isa = PBXBuildFile; fileRef = 2E362E531A1BF29B00D6968B /* Suspense Accents 04.caf */; };
		2E362E891A1BF29B00D6968B /* Suspense Accents 04.caf in Resources */ = {isa = PBXBuildFile; fileRef = 2E362E531A1BF29B00D6968B /* Suspense Accents 04.caf */; };
		2E362E8A1A1BF29B00D6968B /* Suspense Accents 04.caf in Resources */ = {isa = PBXBuildFile; fileRef = 2E362E531A1BF29B00D6968B /* Suspense Accents 04.caf */; };
		2E362E8B1A1BF29B00D6968B /* Suspense Accents 05.caf in Resources */ = {isa = PBXBuildFile; fileRef = 2E362E541A1BF29B00D6968B /* Suspense Accents 05.caf */; };
		2E362E8C1A1BF29B00D6968B /* Suspense Accents 05.caf in Resources */ = {isa = PBXBuildFile; fileRef = 2E362E541A1BF29B00D6968B /* Suspense Accents 05.caf */; };
		2E362E8D1A1BF29B00D6968B /* Suspense Accents 05.caf in Resources */ = {isa = PBXBuildFile; fileRef = 2E362E541A1BF29B00D6968B /* Suspense Accents 05.caf */; };
		2E362E8E1A1BF29B00D6968B /* Suspense Accents 05.caf in Resources */ = {isa = PBXBuildFile; fileRef = 2E362E541A1BF29B00D6968B /* Suspense Accents 05.caf */; };
		2E362E8F1A1BF29B00D6968B /* Suspense Accents 06.caf in Resources */ = {isa = PBXBuildFile; fileRef = 2E362E551A1BF29B00D6968B /* Suspense Accents 06.caf */; };
		2E362E901A1BF29B00D6968B /* Suspense Accents 06.caf in Resources */ = {isa = PBXBuildFile; fileRef = 2E362E551A1BF29B00D6968B /* Suspense Accents 06.caf */; };
		2E362E911A1BF29B00D6968B /* Suspense Accents 06.caf in Resources */ = {isa = PBXBuildFile; fileRef = 2E362E551A1BF29B00D6968B /* Suspense Accents 06.caf */; };
		2E362E921A1BF29B00D6968B /* Suspense Accents 06.caf in Resources */ = {isa = PBXBuildFile; fileRef = 2E362E551A1BF29B00D6968B /* Suspense Accents 06.caf */; };
		2E362E931A1BF29B00D6968B /* Suspense Accents 07.caf in Resources */ = {isa = PBXBuildFile; fileRef = 2E362E561A1BF29B00D6968B /* Suspense Accents 07.caf */; };
		2E362E941A1BF29B00D6968B /* Suspense Accents 07.caf in Resources */ = {isa = PBXBuildFile; fileRef = 2E362E561A1BF29B00D6968B /* Suspense Accents 07.caf */; };
		2E362E951A1BF29B00D6968B /* Suspense Accents 07.caf in Resources */ = {isa = PBXBuildFile; fileRef = 2E362E561A1BF29B00D6968B /* Suspense Accents 07.caf */; };
		2E362E961A1BF29B00D6968B /* Suspense Accents 07.caf in Resources */ = {isa = PBXBuildFile; fileRef = 2E362E561A1BF29B00D6968B /* Suspense Accents 07.caf */; };
		2E4329861A1BDAB200D019DD /* WatchKit.framework in Frameworks */ = {isa = PBXBuildFile; fileRef = 2E43294B1A1BD70300D019DD /* WatchKit.framework */; };
		2E43298C1A1BDAB200D019DD /* InterfaceController.swift in Sources */ = {isa = PBXBuildFile; fileRef = 2E43298B1A1BDAB200D019DD /* InterfaceController.swift */; };
		2E4329901A1BDAB200D019DD /* Images.xcassets in Resources */ = {isa = PBXBuildFile; fileRef = 2E43298F1A1BDAB200D019DD /* Images.xcassets */; };
		2E4329941A1BDAB300D019DD /* VlKeynr Watch App.app in Resources */ = {isa = PBXBuildFile; fileRef = 2E4329931A1BDAB300D019DD /* VlKeynr Watch App.app */; };
		2E4329A01A1BDAB300D019DD /* VlKeynr WatchKit Extension.appex in Embed App Extensions */ = {isa = PBXBuildFile; fileRef = 2E4329851A1BDAB200D019DD /* VlKeynr WatchKit Extension.appex */; settings = {ATTRIBUTES = (RemoveHeadersOnCopy, ); }; };
		2E53B1751A18E5980026E154 /* VlKeynrSound.swift in Sources */ = {isa = PBXBuildFile; fileRef = 40A8A0BB1A17A98B00FC9B79 /* VlKeynrSound.swift */; };
		2E53B1791A18E7D90026E154 /* Main.storyboard in Resources */ = {isa = PBXBuildFile; fileRef = 2E53B1781A18E7D90026E154 /* Main.storyboard */; };
		2E53B17A1A18E8780026E154 /* KeyboardViewController.swift in Sources */ = {isa = PBXBuildFile; fileRef = 2EABA0681A176C4300E9842F /* KeyboardViewController.swift */; };
		2EABA0411A176AFA00E9842F /* AppDelegate.swift in Sources */ = {isa = PBXBuildFile; fileRef = 2EABA0401A176AFA00E9842F /* AppDelegate.swift */; };
		2EABA0431A176AFA00E9842F /* ViewController.swift in Sources */ = {isa = PBXBuildFile; fileRef = 2EABA0421A176AFA00E9842F /* ViewController.swift */; };
		2EABA0481A176AFA00E9842F /* Images.xcassets in Resources */ = {isa = PBXBuildFile; fileRef = 2EABA0471A176AFA00E9842F /* Images.xcassets */; };
		2EABA0571A176AFA00E9842F /* VlKeynrTests.swift in Sources */ = {isa = PBXBuildFile; fileRef = 2EABA0561A176AFA00E9842F /* VlKeynrTests.swift */; };
		2EABA0691A176C4300E9842F /* KeyboardViewController.swift in Sources */ = {isa = PBXBuildFile; fileRef = 2EABA0681A176C4300E9842F /* KeyboardViewController.swift */; };
		2EABA06C1A176C4300E9842F /* VlKeynrPad.appex in Embed App Extensions */ = {isa = PBXBuildFile; fileRef = 2EABA0641A176C4300E9842F /* VlKeynrPad.appex */; settings = {ATTRIBUTES = (RemoveHeadersOnCopy, ); }; };
		2EB225201A1BFA59005A6E10 /* Interface.storyboard in Resources */ = {isa = PBXBuildFile; fileRef = 2E4329621A1BD70400D019DD /* Interface.storyboard */; };
		4064AC111A18CD15003ABB0A /* globeIcon.png in Resources */ = {isa = PBXBuildFile; fileRef = 4064AC101A18CD15003ABB0A /* globeIcon.png */; };
		4069B2371A7474240098995C /* BonanzaButtonBackground0.png in Resources */ = {isa = PBXBuildFile; fileRef = 2E362E461A1BF29B00D6968B /* BonanzaButtonBackground0.png */; };
		4069B2381A7474270098995C /* BonanzaButtonBackground1.png in Resources */ = {isa = PBXBuildFile; fileRef = 2E362E471A1BF29B00D6968B /* BonanzaButtonBackground1.png */; };
		4069B2391A74742A0098995C /* BonanzaButtonBackground2.png in Resources */ = {isa = PBXBuildFile; fileRef = 2E362E481A1BF29B00D6968B /* BonanzaButtonBackground2.png */; };
		4069B23A1A74742F0098995C /* BonanzaButtonBackground3.png in Resources */ = {isa = PBXBuildFile; fileRef = 2E362E491A1BF29B00D6968B /* BonanzaButtonBackground3.png */; };
		4069B23B1A7474350098995C /* BonanzaButtonBackground4.png in Resources */ = {isa = PBXBuildFile; fileRef = 2E362E4A1A1BF29B00D6968B /* BonanzaButtonBackground4.png */; };
		4069B23C1A74743B0098995C /* BonanzaButtonBackground5.png in Resources */ = {isa = PBXBuildFile; fileRef = 2E362E4B1A1BF29B00D6968B /* BonanzaButtonBackground5.png */; };
		4069B23D1A74743E0098995C /* BonanzaButtonBackground6.png in Resources */ = {isa = PBXBuildFile; fileRef = 2E362E4C1A1BF29B00D6968B /* BonanzaButtonBackground6.png */; };
		4069B23E1A7474470098995C /* SoftMatt.mp3 in Resources */ = {isa = PBXBuildFile; fileRef = 2E362E4F1A1BF29B00D6968B /* SoftMatt.mp3 */; };
		4069B23F1A74744A0098995C /* Suspense Accents 01.caf in Resources */ = {isa = PBXBuildFile; fileRef = 2E362E501A1BF29B00D6968B /* Suspense Accents 01.caf */; };
		4069B2401A74744D0098995C /* Suspense Accents 02.caf in Resources */ = {isa = PBXBuildFile; fileRef = 2E362E511A1BF29B00D6968B /* Suspense Accents 02.caf */; };
		4069B2411A74744F0098995C /* Suspense Accents 03.caf in Resources */ = {isa = PBXBuildFile; fileRef = 2E362E521A1BF29B00D6968B /* Suspense Accents 03.caf */; };
		4069B2421A7474520098995C /* Suspense Accents 04.caf in Resources */ = {isa = PBXBuildFile; fileRef = 2E362E531A1BF29B00D6968B /* Suspense Accents 04.caf */; };
		4069B2431A7474540098995C /* Suspense Accents 05.caf in Resources */ = {isa = PBXBuildFile; fileRef = 2E362E541A1BF29B00D6968B /* Suspense Accents 05.caf */; };
		4069B2441A7474570098995C /* Suspense Accents 06.caf in Resources */ = {isa = PBXBuildFile; fileRef = 2E362E551A1BF29B00D6968B /* Suspense Accents 06.caf */; };
		4069B2451A74745A0098995C /* Suspense Accents 07.caf in Resources */ = {isa = PBXBuildFile; fileRef = 2E362E561A1BF29B00D6968B /* Suspense Accents 07.caf */; };
		40A8A0BC1A17A98B00FC9B79 /* VlKeynrSound.swift in Sources */ = {isa = PBXBuildFile; fileRef = 40A8A0BB1A17A98B00FC9B79 /* VlKeynrSound.swift */; };
		40B30EC71A746F0700ACAE0B /* KeyboardViewController.swift in Sources */ = {isa = PBXBuildFile; fileRef = 2EABA0681A176C4300E9842F /* KeyboardViewController.swift */; };
		40B30EC81A746F1100ACAE0B /* VlKeynrButton.swift in Sources */ = {isa = PBXBuildFile; fileRef = 2E362E361A1BDDC000D6968B /* VlKeynrButton.swift */; };
		40B30EC91A746F2600ACAE0B /* VlKeynrSound.swift in Sources */ = {isa = PBXBuildFile; fileRef = 40A8A0BB1A17A98B00FC9B79 /* VlKeynrSound.swift */; };
		40F068791A746ABF007D9F6D /* NotificationCenter.framework in Frameworks */ = {isa = PBXBuildFile; fileRef = 40F068781A746ABF007D9F6D /* NotificationCenter.framework */; };
		40F0687E1A746ABF007D9F6D /* TodayViewController.swift in Sources */ = {isa = PBXBuildFile; fileRef = 40F0687D1A746ABF007D9F6D /* TodayViewController.swift */; };
		40F068801A746ABF007D9F6D /* MainInterface.storyboard in Resources */ = {isa = PBXBuildFile; fileRef = 40F0687F1A746ABF007D9F6D /* MainInterface.storyboard */; };
		40F068831A746ABF007D9F6D /* VlTodaynr.appex in Embed App Extensions */ = {isa = PBXBuildFile; fileRef = 40F068771A746ABF007D9F6D /* VlTodaynr.appex */; settings = {ATTRIBUTES = (RemoveHeadersOnCopy, ); }; };
		40F068871A746D16007D9F6D /* VlKeynrPad.xib in Resources */ = {isa = PBXBuildFile; fileRef = 2E362E371A1BDDC000D6968B /* VlKeynrPad.xib */; };
/* End PBXBuildFile section */

/* Begin PBXContainerItemProxy section */
		2E4329951A1BDAB300D019DD /* PBXContainerItemProxy */ = {
			isa = PBXContainerItemProxy;
			containerPortal = 2EABA0331A176AFA00E9842F /* Project object */;
			proxyType = 1;
			remoteGlobalIDString = 2E4329921A1BDAB300D019DD;
			remoteInfo = "VlKeynr Watch App";
		};
		2E43299E1A1BDAB300D019DD /* PBXContainerItemProxy */ = {
			isa = PBXContainerItemProxy;
			containerPortal = 2EABA0331A176AFA00E9842F /* Project object */;
			proxyType = 1;
			remoteGlobalIDString = 2E4329841A1BDAB200D019DD;
			remoteInfo = "VlKeynr WatchKit Extension";
		};
		2EABA0511A176AFA00E9842F /* PBXContainerItemProxy */ = {
			isa = PBXContainerItemProxy;
			containerPortal = 2EABA0331A176AFA00E9842F /* Project object */;
			proxyType = 1;
			remoteGlobalIDString = 2EABA03A1A176AFA00E9842F;
			remoteInfo = VlKeynr;
		};
		2EABA06A1A176C4300E9842F /* PBXContainerItemProxy */ = {
			isa = PBXContainerItemProxy;
			containerPortal = 2EABA0331A176AFA00E9842F /* Project object */;
			proxyType = 1;
			remoteGlobalIDString = 2EABA0631A176C4300E9842F;
			remoteInfo = VlKeynrPad;
		};
		40F068811A746ABF007D9F6D /* PBXContainerItemProxy */ = {
			isa = PBXContainerItemProxy;
			containerPortal = 2EABA0331A176AFA00E9842F /* Project object */;
			proxyType = 1;
			remoteGlobalIDString = 40F068761A746ABF007D9F6D;
			remoteInfo = VlTodaynr;
		};
/* End PBXContainerItemProxy section */

/* Begin PBXCopyFilesBuildPhase section */
		2EABA0701A176C4300E9842F /* Embed App Extensions */ = {
			isa = PBXCopyFilesBuildPhase;
			buildActionMask = 2147483647;
			dstPath = "";
			dstSubfolderSpec = 13;
			files = (
				2E4329A01A1BDAB300D019DD /* VlKeynr WatchKit Extension.appex in Embed App Extensions */,
				2EABA06C1A176C4300E9842F /* VlKeynrPad.appex in Embed App Extensions */,
				40F068831A746ABF007D9F6D /* VlTodaynr.appex in Embed App Extensions */,
			);
			name = "Embed App Extensions";
			runOnlyForDeploymentPostprocessing = 0;
		};
/* End PBXCopyFilesBuildPhase section */

/* Begin PBXFileReference section */
		2E362E361A1BDDC000D6968B /* VlKeynrButton.swift */ = {isa = PBXFileReference; fileEncoding = 4; lastKnownFileType = sourcecode.swift; name = VlKeynrButton.swift; path = VlKeynrPad/VlKeynrButton.swift; sourceTree = "<group>"; };
		2E362E371A1BDDC000D6968B /* VlKeynrPad.xib */ = {isa = PBXFileReference; fileEncoding = 4; lastKnownFileType = file.xib; name = VlKeynrPad.xib; path = VlKeynrPad/VlKeynrPad.xib; sourceTree = "<group>"; };
		2E362E461A1BF29B00D6968B /* BonanzaButtonBackground0.png */ = {isa = PBXFileReference; lastKnownFileType = image.png; path = BonanzaButtonBackground0.png; sourceTree = "<group>"; };
		2E362E471A1BF29B00D6968B /* BonanzaButtonBackground1.png */ = {isa = PBXFileReference; lastKnownFileType = image.png; path = BonanzaButtonBackground1.png; sourceTree = "<group>"; };
		2E362E481A1BF29B00D6968B /* BonanzaButtonBackground2.png */ = {isa = PBXFileReference; lastKnownFileType = image.png; path = BonanzaButtonBackground2.png; sourceTree = "<group>"; };
		2E362E491A1BF29B00D6968B /* BonanzaButtonBackground3.png */ = {isa = PBXFileReference; lastKnownFileType = image.png; path = BonanzaButtonBackground3.png; sourceTree = "<group>"; };
		2E362E4A1A1BF29B00D6968B /* BonanzaButtonBackground4.png */ = {isa = PBXFileReference; lastKnownFileType = image.png; path = BonanzaButtonBackground4.png; sourceTree = "<group>"; };
		2E362E4B1A1BF29B00D6968B /* BonanzaButtonBackground5.png */ = {isa = PBXFileReference; lastKnownFileType = image.png; path = BonanzaButtonBackground5.png; sourceTree = "<group>"; };
		2E362E4C1A1BF29B00D6968B /* BonanzaButtonBackground6.png */ = {isa = PBXFileReference; lastKnownFileType = image.png; path = BonanzaButtonBackground6.png; sourceTree = "<group>"; };
		2E362E4D1A1BF29B00D6968B /* BonanzaLogo.png */ = {isa = PBXFileReference; lastKnownFileType = image.png; path = BonanzaLogo.png; sourceTree = "<group>"; };
		2E362E4F1A1BF29B00D6968B /* SoftMatt.mp3 */ = {isa = PBXFileReference; lastKnownFileType = audio.mp3; path = SoftMatt.mp3; sourceTree = "<group>"; };
		2E362E501A1BF29B00D6968B /* Suspense Accents 01.caf */ = {isa = PBXFileReference; lastKnownFileType = file; path = "Suspense Accents 01.caf"; sourceTree = "<group>"; };
		2E362E511A1BF29B00D6968B /* Suspense Accents 02.caf */ = {isa = PBXFileReference; lastKnownFileType = file; path = "Suspense Accents 02.caf"; sourceTree = "<group>"; };
		2E362E521A1BF29B00D6968B /* Suspense Accents 03.caf */ = {isa = PBXFileReference; lastKnownFileType = file; path = "Suspense Accents 03.caf"; sourceTree = "<group>"; };
		2E362E531A1BF29B00D6968B /* Suspense Accents 04.caf */ = {isa = PBXFileReference; lastKnownFileType = file; path = "Suspense Accents 04.caf"; sourceTree = "<group>"; };
		2E362E541A1BF29B00D6968B /* Suspense Accents 05.caf */ = {isa = PBXFileReference; lastKnownFileType = file; path = "Suspense Accents 05.caf"; sourceTree = "<group>"; };
		2E362E551A1BF29B00D6968B /* Suspense Accents 06.caf */ = {isa = PBXFileReference; lastKnownFileType = file; path = "Suspense Accents 06.caf"; sourceTree = "<group>"; };
		2E362E561A1BF29B00D6968B /* Suspense Accents 07.caf */ = {isa = PBXFileReference; lastKnownFileType = file; path = "Suspense Accents 07.caf"; sourceTree = "<group>"; };
		2E43294B1A1BD70300D019DD /* WatchKit.framework */ = {isa = PBXFileReference; lastKnownFileType = wrapper.framework; name = WatchKit.framework; path = System/Library/Frameworks/WatchKit.framework; sourceTree = SDKROOT; };
		2E4329611A1BD70400D019DD /* Info.plist */ = {isa = PBXFileReference; lastKnownFileType = text.plist.xml; path = Info.plist; sourceTree = "<group>"; };
		2E4329621A1BD70400D019DD /* Interface.storyboard */ = {isa = PBXFileReference; lastKnownFileType = file.storyboard; path = Interface.storyboard; sourceTree = "<group>"; };
		2E4329641A1BD70400D019DD /* Images.xcassets */ = {isa = PBXFileReference; lastKnownFileType = folder.assetcatalog; path = Images.xcassets; sourceTree = "<group>"; };
		2E4329851A1BDAB200D019DD /* VlKeynr WatchKit Extension.appex */ = {isa = PBXFileReference; explicitFileType = "wrapper.app-extension"; includeInIndex = 0; path = "VlKeynr WatchKit Extension.appex"; sourceTree = BUILT_PRODUCTS_DIR; };
		2E4329891A1BDAB200D019DD /* Info.plist */ = {isa = PBXFileReference; lastKnownFileType = text.plist.xml; path = Info.plist; sourceTree = "<group>"; };
		2E43298A1A1BDAB200D019DD /* PushNotificationPayload.json */ = {isa = PBXFileReference; lastKnownFileType = text.json; path = PushNotificationPayload.json; sourceTree = "<group>"; };
		2E43298B1A1BDAB200D019DD /* InterfaceController.swift */ = {isa = PBXFileReference; lastKnownFileType = sourcecode.swift; path = InterfaceController.swift; sourceTree = "<group>"; };
		2E43298F1A1BDAB200D019DD /* Images.xcassets */ = {isa = PBXFileReference; lastKnownFileType = folder.assetcatalog; path = Images.xcassets; sourceTree = "<group>"; };
		2E4329931A1BDAB300D019DD /* VlKeynr Watch App.app */ = {isa = PBXFileReference; explicitFileType = wrapper.application; includeInIndex = 0; path = "VlKeynr Watch App.app"; sourceTree = BUILT_PRODUCTS_DIR; };
		2E53B1781A18E7D90026E154 /* Main.storyboard */ = {isa = PBXFileReference; fileEncoding = 4; lastKnownFileType = file.storyboard; path = Main.storyboard; sourceTree = "<group>"; };
		2EABA03B1A176AFA00E9842F /* VlKeynr.app */ = {isa = PBXFileReference; explicitFileType = wrapper.application; includeInIndex = 0; path = VlKeynr.app; sourceTree = BUILT_PRODUCTS_DIR; };
		2EABA03F1A176AFA00E9842F /* Info.plist */ = {isa = PBXFileReference; lastKnownFileType = text.plist.xml; path = Info.plist; sourceTree = "<group>"; };
		2EABA0401A176AFA00E9842F /* AppDelegate.swift */ = {isa = PBXFileReference; lastKnownFileType = sourcecode.swift; path = AppDelegate.swift; sourceTree = "<group>"; };
		2EABA0421A176AFA00E9842F /* ViewController.swift */ = {isa = PBXFileReference; lastKnownFileType = sourcecode.swift; path = ViewController.swift; sourceTree = "<group>"; };
		2EABA0471A176AFA00E9842F /* Images.xcassets */ = {isa = PBXFileReference; lastKnownFileType = folder.assetcatalog; path = Images.xcassets; sourceTree = "<group>"; };
		2EABA0501A176AFA00E9842F /* VlKeynrTests.xctest */ = {isa = PBXFileReference; explicitFileType = wrapper.cfbundle; includeInIndex = 0; path = VlKeynrTests.xctest; sourceTree = BUILT_PRODUCTS_DIR; };
		2EABA0551A176AFA00E9842F /* Info.plist */ = {isa = PBXFileReference; lastKnownFileType = text.plist.xml; path = Info.plist; sourceTree = "<group>"; };
		2EABA0561A176AFA00E9842F /* VlKeynrTests.swift */ = {isa = PBXFileReference; lastKnownFileType = sourcecode.swift; path = VlKeynrTests.swift; sourceTree = "<group>"; };
		2EABA0641A176C4300E9842F /* VlKeynrPad.appex */ = {isa = PBXFileReference; explicitFileType = "wrapper.app-extension"; includeInIndex = 0; path = VlKeynrPad.appex; sourceTree = BUILT_PRODUCTS_DIR; };
		2EABA0671A176C4300E9842F /* Info.plist */ = {isa = PBXFileReference; lastKnownFileType = text.plist.xml; path = Info.plist; sourceTree = "<group>"; };
		2EABA0681A176C4300E9842F /* KeyboardViewController.swift */ = {isa = PBXFileReference; lastKnownFileType = sourcecode.swift; path = KeyboardViewController.swift; sourceTree = "<group>"; };
		4064AC101A18CD15003ABB0A /* globeIcon.png */ = {isa = PBXFileReference; lastKnownFileType = image.png; path = globeIcon.png; sourceTree = "<group>"; };
		40A8A0BB1A17A98B00FC9B79 /* VlKeynrSound.swift */ = {isa = PBXFileReference; fileEncoding = 4; lastKnownFileType = sourcecode.swift; name = VlKeynrSound.swift; path = VlKeynrPad/VlKeynrSound.swift; sourceTree = "<group>"; };
		40F068771A746ABF007D9F6D /* VlTodaynr.appex */ = {isa = PBXFileReference; explicitFileType = "wrapper.app-extension"; includeInIndex = 0; path = VlTodaynr.appex; sourceTree = BUILT_PRODUCTS_DIR; };
		40F068781A746ABF007D9F6D /* NotificationCenter.framework */ = {isa = PBXFileReference; lastKnownFileType = wrapper.framework; name = NotificationCenter.framework; path = System/Library/Frameworks/NotificationCenter.framework; sourceTree = SDKROOT; };
		40F0687C1A746ABF007D9F6D /* Info.plist */ = {isa = PBXFileReference; lastKnownFileType = text.plist.xml; path = Info.plist; sourceTree = "<group>"; };
		40F0687D1A746ABF007D9F6D /* TodayViewController.swift */ = {isa = PBXFileReference; lastKnownFileType = sourcecode.swift; path = TodayViewController.swift; sourceTree = "<group>"; };
		40F0687F1A746ABF007D9F6D /* MainInterface.storyboard */ = {isa = PBXFileReference; lastKnownFileType = file.storyboard; path = MainInterface.storyboard; sourceTree = "<group>"; };
/* End PBXFileReference section */

/* Begin PBXFrameworksBuildPhase section */
		2E4329821A1BDAB200D019DD /* Frameworks */ = {
			isa = PBXFrameworksBuildPhase;
			buildActionMask = 2147483647;
			files = (
				2E4329861A1BDAB200D019DD /* WatchKit.framework in Frameworks */,
			);
			runOnlyForDeploymentPostprocessing = 0;
		};
		2EABA0381A176AFA00E9842F /* Frameworks */ = {
			isa = PBXFrameworksBuildPhase;
			buildActionMask = 2147483647;
			files = (
			);
			runOnlyForDeploymentPostprocessing = 0;
		};
		2EABA04D1A176AFA00E9842F /* Frameworks */ = {
			isa = PBXFrameworksBuildPhase;
			buildActionMask = 2147483647;
			files = (
			);
			runOnlyForDeploymentPostprocessing = 0;
		};
		2EABA0611A176C4300E9842F /* Frameworks */ = {
			isa = PBXFrameworksBuildPhase;
			buildActionMask = 2147483647;
			files = (
			);
			runOnlyForDeploymentPostprocessing = 0;
		};
		40F068741A746ABF007D9F6D /* Frameworks */ = {
			isa = PBXFrameworksBuildPhase;
			buildActionMask = 2147483647;
			files = (
				40F068791A746ABF007D9F6D /* NotificationCenter.framework in Frameworks */,
			);
			runOnlyForDeploymentPostprocessing = 0;
		};
/* End PBXFrameworksBuildPhase section */

/* Begin PBXGroup section */
		2E362E441A1BF29B00D6968B /* Assets */ = {
			isa = PBXGroup;
			children = (
				2E362E451A1BF29B00D6968B /* Images */,
				2E362E4E1A1BF29B00D6968B /* Sounds */,
			);
			path = Assets;
			sourceTree = "<group>";
		};
		2E362E451A1BF29B00D6968B /* Images */ = {
			isa = PBXGroup;
			children = (
				2E362E461A1BF29B00D6968B /* BonanzaButtonBackground0.png */,
				2E362E471A1BF29B00D6968B /* BonanzaButtonBackground1.png */,
				2E362E481A1BF29B00D6968B /* BonanzaButtonBackground2.png */,
				2E362E491A1BF29B00D6968B /* BonanzaButtonBackground3.png */,
				2E362E4A1A1BF29B00D6968B /* BonanzaButtonBackground4.png */,
				2E362E4B1A1BF29B00D6968B /* BonanzaButtonBackground5.png */,
				2E362E4C1A1BF29B00D6968B /* BonanzaButtonBackground6.png */,
				2E362E4D1A1BF29B00D6968B /* BonanzaLogo.png */,
			);
			path = Images;
			sourceTree = "<group>";
		};
		2E362E4E1A1BF29B00D6968B /* Sounds */ = {
			isa = PBXGroup;
			children = (
				2E362E4F1A1BF29B00D6968B /* SoftMatt.mp3 */,
				2E362E501A1BF29B00D6968B /* Suspense Accents 01.caf */,
				2E362E511A1BF29B00D6968B /* Suspense Accents 02.caf */,
				2E362E521A1BF29B00D6968B /* Suspense Accents 03.caf */,
				2E362E531A1BF29B00D6968B /* Suspense Accents 04.caf */,
				2E362E541A1BF29B00D6968B /* Suspense Accents 05.caf */,
				2E362E551A1BF29B00D6968B /* Suspense Accents 06.caf */,
				2E362E561A1BF29B00D6968B /* Suspense Accents 07.caf */,
			);
			path = Sounds;
			sourceTree = "<group>";
		};
		2E43294A1A1BD70300D019DD /* Frameworks */ = {
			isa = PBXGroup;
			children = (
				2E43294B1A1BD70300D019DD /* WatchKit.framework */,
				40F068781A746ABF007D9F6D /* NotificationCenter.framework */,
			);
			name = Frameworks;
			sourceTree = "<group>";
		};
		2E43295F1A1BD70400D019DD /* VlKeynr Watch App */ = {
			isa = PBXGroup;
			children = (
				2E4329621A1BD70400D019DD /* Interface.storyboard */,
				2E4329641A1BD70400D019DD /* Images.xcassets */,
				2E4329601A1BD70400D019DD /* Supporting Files */,
			);
			path = "VlKeynr Watch App";
			sourceTree = "<group>";
		};
		2E4329601A1BD70400D019DD /* Supporting Files */ = {
			isa = PBXGroup;
			children = (
				2E4329611A1BD70400D019DD /* Info.plist */,
			);
			name = "Supporting Files";
			sourceTree = "<group>";
		};
		2E4329871A1BDAB200D019DD /* VlKeynr WatchKit Extension */ = {
			isa = PBXGroup;
			children = (
				2E43298B1A1BDAB200D019DD /* InterfaceController.swift */,
				2E43298F1A1BDAB200D019DD /* Images.xcassets */,
				2E4329881A1BDAB200D019DD /* Supporting Files */,
			);
			path = "VlKeynr WatchKit Extension";
			sourceTree = "<group>";
		};
		2E4329881A1BDAB200D019DD /* Supporting Files */ = {
			isa = PBXGroup;
			children = (
				2E4329891A1BDAB200D019DD /* Info.plist */,
				2E43298A1A1BDAB200D019DD /* PushNotificationPayload.json */,
			);
			name = "Supporting Files";
			sourceTree = "<group>";
		};
		2E53B1691A18E55F0026E154 /* Common */ = {
			isa = PBXGroup;
			children = (
				2E362E361A1BDDC000D6968B /* VlKeynrButton.swift */,
				2E362E371A1BDDC000D6968B /* VlKeynrPad.xib */,
				40A8A0BB1A17A98B00FC9B79 /* VlKeynrSound.swift */,
			);
			name = Common;
			sourceTree = "<group>";
		};
		2EABA0321A176AFA00E9842F = {
			isa = PBXGroup;
			children = (
				2EABA03D1A176AFA00E9842F /* VlKeynr */,
				2EABA0651A176C4300E9842F /* VlKeynrPad */,
				2E53B1691A18E55F0026E154 /* Common */,
				2EABA0531A176AFA00E9842F /* VlKeynrTests */,
				2E43295F1A1BD70400D019DD /* VlKeynr Watch App */,
				2E4329871A1BDAB200D019DD /* VlKeynr WatchKit Extension */,
				40F0687A1A746ABF007D9F6D /* VlTodaynr */,
				2E43294A1A1BD70300D019DD /* Frameworks */,
				2EABA03C1A176AFA00E9842F /* Products */,
				2E362E441A1BF29B00D6968B /* Assets */,
			);
			sourceTree = "<group>";
		};
		2EABA03C1A176AFA00E9842F /* Products */ = {
			isa = PBXGroup;
			children = (
				2EABA03B1A176AFA00E9842F /* VlKeynr.app */,
				2EABA0501A176AFA00E9842F /* VlKeynrTests.xctest */,
				2EABA0641A176C4300E9842F /* VlKeynrPad.appex */,
				2E4329851A1BDAB200D019DD /* VlKeynr WatchKit Extension.appex */,
				2E4329931A1BDAB300D019DD /* VlKeynr Watch App.app */,
				40F068771A746ABF007D9F6D /* VlTodaynr.appex */,
			);
			name = Products;
			sourceTree = "<group>";
		};
		2EABA03D1A176AFA00E9842F /* VlKeynr */ = {
			isa = PBXGroup;
			children = (
				2EABA0401A176AFA00E9842F /* AppDelegate.swift */,
				2EABA0421A176AFA00E9842F /* ViewController.swift */,
				2EABA0471A176AFA00E9842F /* Images.xcassets */,
				2EABA03E1A176AFA00E9842F /* Supporting Files */,
				2E53B1781A18E7D90026E154 /* Main.storyboard */,
			);
			path = VlKeynr;
			sourceTree = "<group>";
		};
		2EABA03E1A176AFA00E9842F /* Supporting Files */ = {
			isa = PBXGroup;
			children = (
				2EABA03F1A176AFA00E9842F /* Info.plist */,
			);
			name = "Supporting Files";
			sourceTree = "<group>";
		};
		2EABA0531A176AFA00E9842F /* VlKeynrTests */ = {
			isa = PBXGroup;
			children = (
				2EABA0561A176AFA00E9842F /* VlKeynrTests.swift */,
				2EABA0541A176AFA00E9842F /* Supporting Files */,
			);
			path = VlKeynrTests;
			sourceTree = "<group>";
		};
		2EABA0541A176AFA00E9842F /* Supporting Files */ = {
			isa = PBXGroup;
			children = (
				2EABA0551A176AFA00E9842F /* Info.plist */,
			);
			name = "Supporting Files";
			sourceTree = "<group>";
		};
		2EABA0651A176C4300E9842F /* VlKeynrPad */ = {
			isa = PBXGroup;
			children = (
				4064AC101A18CD15003ABB0A /* globeIcon.png */,
				2EABA0681A176C4300E9842F /* KeyboardViewController.swift */,
				2EABA0661A176C4300E9842F /* Supporting Files */,
			);
			path = VlKeynrPad;
			sourceTree = "<group>";
		};
		2EABA0661A176C4300E9842F /* Supporting Files */ = {
			isa = PBXGroup;
			children = (
				2EABA0671A176C4300E9842F /* Info.plist */,
			);
			name = "Supporting Files";
			sourceTree = "<group>";
		};
		40F0687A1A746ABF007D9F6D /* VlTodaynr */ = {
			isa = PBXGroup;
			children = (
				40F0687D1A746ABF007D9F6D /* TodayViewController.swift */,
				40F0687F1A746ABF007D9F6D /* MainInterface.storyboard */,
				40F0687B1A746ABF007D9F6D /* Supporting Files */,
			);
			path = VlTodaynr;
			sourceTree = "<group>";
		};
		40F0687B1A746ABF007D9F6D /* Supporting Files */ = {
			isa = PBXGroup;
			children = (
				40F0687C1A746ABF007D9F6D /* Info.plist */,
			);
			name = "Supporting Files";
			sourceTree = "<group>";
		};
/* End PBXGroup section */

/* Begin PBXNativeTarget section */
		2E4329841A1BDAB200D019DD /* VlKeynr WatchKit Extension */ = {
			isa = PBXNativeTarget;
			buildConfigurationList = 2E4329A41A1BDAB300D019DD /* Build configuration list for PBXNativeTarget "VlKeynr WatchKit Extension" */;
			buildPhases = (
				2E4329811A1BDAB200D019DD /* Sources */,
				2E4329821A1BDAB200D019DD /* Frameworks */,
				2E4329831A1BDAB200D019DD /* Resources */,
			);
			buildRules = (
			);
			dependencies = (
				2E4329961A1BDAB300D019DD /* PBXTargetDependency */,
			);
			name = "VlKeynr WatchKit Extension";
			productName = "VlKeynr WatchKit Extension";
			productReference = 2E4329851A1BDAB200D019DD /* VlKeynr WatchKit Extension.appex */;
			productType = "com.apple.product-type.watchkit-extension";
		};
		2E4329921A1BDAB300D019DD /* VlKeynr Watch App */ = {
			isa = PBXNativeTarget;
			buildConfigurationList = 2E4329A11A1BDAB300D019DD /* Build configuration list for PBXNativeTarget "VlKeynr Watch App" */;
			buildPhases = (
				2E4329911A1BDAB300D019DD /* Resources */,
			);
			buildRules = (
			);
			dependencies = (
			);
			name = "VlKeynr Watch App";
			productName = "VlKeynr Watch App";
			productReference = 2E4329931A1BDAB300D019DD /* VlKeynr Watch App.app */;
			productType = "com.apple.product-type.application.watchapp";
		};
		2EABA03A1A176AFA00E9842F /* VlKeynr */ = {
			isa = PBXNativeTarget;
			buildConfigurationList = 2EABA05A1A176AFA00E9842F /* Build configuration list for PBXNativeTarget "VlKeynr" */;
			buildPhases = (
				2EABA0371A176AFA00E9842F /* Sources */,
				2EABA0381A176AFA00E9842F /* Frameworks */,
				2EABA0391A176AFA00E9842F /* Resources */,
				2EABA0701A176C4300E9842F /* Embed App Extensions */,
			);
			buildRules = (
			);
			dependencies = (
				2EABA06B1A176C4300E9842F /* PBXTargetDependency */,
				2E43299F1A1BDAB300D019DD /* PBXTargetDependency */,
				40F068821A746ABF007D9F6D /* PBXTargetDependency */,
			);
			name = VlKeynr;
			productName = VlKeynr;
			productReference = 2EABA03B1A176AFA00E9842F /* VlKeynr.app */;
			productType = "com.apple.product-type.application";
		};
		2EABA04F1A176AFA00E9842F /* VlKeynrTests */ = {
			isa = PBXNativeTarget;
			buildConfigurationList = 2EABA05D1A176AFA00E9842F /* Build configuration list for PBXNativeTarget "VlKeynrTests" */;
			buildPhases = (
				2EABA04C1A176AFA00E9842F /* Sources */,
				2EABA04D1A176AFA00E9842F /* Frameworks */,
				2EABA04E1A176AFA00E9842F /* Resources */,
			);
			buildRules = (
			);
			dependencies = (
				2EABA0521A176AFA00E9842F /* PBXTargetDependency */,
			);
			name = VlKeynrTests;
			productName = VlKeynrTests;
			productReference = 2EABA0501A176AFA00E9842F /* VlKeynrTests.xctest */;
			productType = "com.apple.product-type.bundle.unit-test";
		};
		2EABA0631A176C4300E9842F /* VlKeynrPad */ = {
			isa = PBXNativeTarget;
			buildConfigurationList = 2EABA06F1A176C4300E9842F /* Build configuration list for PBXNativeTarget "VlKeynrPad" */;
			buildPhases = (
				2EABA0601A176C4300E9842F /* Sources */,
				2EABA0611A176C4300E9842F /* Frameworks */,
				2EABA0621A176C4300E9842F /* Resources */,
			);
			buildRules = (
			);
			dependencies = (
			);
			name = VlKeynrPad;
			productName = VlKeynrPad;
			productReference = 2EABA0641A176C4300E9842F /* VlKeynrPad.appex */;
			productType = "com.apple.product-type.app-extension";
		};
		40F068761A746ABF007D9F6D /* VlTodaynr */ = {
			isa = PBXNativeTarget;
			buildConfigurationList = 40F068861A746AC0007D9F6D /* Build configuration list for PBXNativeTarget "VlTodaynr" */;
			buildPhases = (
				40F068731A746ABF007D9F6D /* Sources */,
				40F068741A746ABF007D9F6D /* Frameworks */,
				40F068751A746ABF007D9F6D /* Resources */,
			);
			buildRules = (
			);
			dependencies = (
			);
			name = VlTodaynr;
			productName = VlTodaynr;
			productReference = 40F068771A746ABF007D9F6D /* VlTodaynr.appex */;
			productType = "com.apple.product-type.app-extension";
		};
/* End PBXNativeTarget section */

/* Begin PBXProject section */
		2EABA0331A176AFA00E9842F /* Project object */ = {
			isa = PBXProject;
			attributes = {
				LastUpgradeCheck = 0610;
				ORGANIZATIONNAME = "Michał Kałużny";
				TargetAttributes = {
					2E4329841A1BDAB200D019DD = {
						CreatedOnToolsVersion = 6.2;
					};
					2E4329921A1BDAB300D019DD = {
						CreatedOnToolsVersion = 6.2;
					};
					2EABA03A1A176AFA00E9842F = {
						CreatedOnToolsVersion = 6.1;
					};
					2EABA04F1A176AFA00E9842F = {
						CreatedOnToolsVersion = 6.1;
						TestTargetID = 2EABA03A1A176AFA00E9842F;
					};
					2EABA0631A176C4300E9842F = {
						CreatedOnToolsVersion = 6.1;
					};
					40F068761A746ABF007D9F6D = {
						CreatedOnToolsVersion = 6.2;
					};
				};
			};
			buildConfigurationList = 2EABA0361A176AFA00E9842F /* Build configuration list for PBXProject "VlKeynr" */;
			compatibilityVersion = "Xcode 3.2";
			developmentRegion = English;
			hasScannedForEncodings = 0;
			knownRegions = (
				en,
				Base,
			);
			mainGroup = 2EABA0321A176AFA00E9842F;
			productRefGroup = 2EABA03C1A176AFA00E9842F /* Products */;
			projectDirPath = "";
			projectRoot = "";
			targets = (
				2EABA03A1A176AFA00E9842F /* VlKeynr */,
				2EABA04F1A176AFA00E9842F /* VlKeynrTests */,
				2EABA0631A176C4300E9842F /* VlKeynrPad */,
				2E4329841A1BDAB200D019DD /* VlKeynr WatchKit Extension */,
				2E4329921A1BDAB300D019DD /* VlKeynr Watch App */,
				40F068761A746ABF007D9F6D /* VlTodaynr */,
			);
		};
/* End PBXProject section */

/* Begin PBXResourcesBuildPhase section */
		2E4329831A1BDAB200D019DD /* Resources */ = {
			isa = PBXResourcesBuildPhase;
			buildActionMask = 2147483647;
			files = (
				2E362E591A1BF29B00D6968B /* BonanzaButtonBackground0.png in Resources */,
				2E362E6D1A1BF29B00D6968B /* BonanzaButtonBackground5.png in Resources */,
				2E362E691A1BF29B00D6968B /* BonanzaButtonBackground4.png in Resources */,
				2E362E951A1BF29B00D6968B /* Suspense Accents 07.caf in Resources */,
				2E362E7D1A1BF29B00D6968B /* Suspense Accents 01.caf in Resources */,
				2E362E5D1A1BF29B00D6968B /* BonanzaButtonBackground1.png in Resources */,
				2E362E751A1BF29B00D6968B /* BonanzaLogo.png in Resources */,
				2E362E891A1BF29B00D6968B /* Suspense Accents 04.caf in Resources */,
				2E362E791A1BF29B00D6968B /* SoftMatt.mp3 in Resources */,
				2E4329901A1BDAB200D019DD /* Images.xcassets in Resources */,
				2E362E651A1BF29B00D6968B /* BonanzaButtonBackground3.png in Resources */,
				2E362E811A1BF29B00D6968B /* Suspense Accents 02.caf in Resources */,
				2E362E911A1BF29B00D6968B /* Suspense Accents 06.caf in Resources */,
				2E362E8D1A1BF29B00D6968B /* Suspense Accents 05.caf in Resources */,
				2E362E711A1BF29B00D6968B /* BonanzaButtonBackground6.png in Resources */,
				2E362E851A1BF29B00D6968B /* Suspense Accents 03.caf in Resources */,
				2E362E611A1BF29B00D6968B /* BonanzaButtonBackground2.png in Resources */,
				2E4329941A1BDAB300D019DD /* VlKeynr Watch App.app in Resources */,
			);
			runOnlyForDeploymentPostprocessing = 0;
		};
		2E4329911A1BDAB300D019DD /* Resources */ = {
			isa = PBXResourcesBuildPhase;
			buildActionMask = 2147483647;
			files = (
				2EB225201A1BFA59005A6E10 /* Interface.storyboard in Resources */,
				2E362E621A1BF29B00D6968B /* BonanzaButtonBackground2.png in Resources */,
				2E362E5A1A1BF29B00D6968B /* BonanzaButtonBackground0.png in Resources */,
				2E362E5E1A1BF29B00D6968B /* BonanzaButtonBackground1.png in Resources */,
				2E362E8E1A1BF29B00D6968B /* Suspense Accents 05.caf in Resources */,
				2E362E721A1BF29B00D6968B /* BonanzaButtonBackground6.png in Resources */,
				2E362E761A1BF29B00D6968B /* BonanzaLogo.png in Resources */,
				2E362E8A1A1BF29B00D6968B /* Suspense Accents 04.caf in Resources */,
				2E362E6E1A1BF29B00D6968B /* BonanzaButtonBackground5.png in Resources */,
				2E362E6A1A1BF29B00D6968B /* BonanzaButtonBackground4.png in Resources */,
				2E362E921A1BF29B00D6968B /* Suspense Accents 06.caf in Resources */,
				2E362E661A1BF29B00D6968B /* BonanzaButtonBackground3.png in Resources */,
				2E362E7A1A1BF29B00D6968B /* SoftMatt.mp3 in Resources */,
				2E362E861A1BF29B00D6968B /* Suspense Accents 03.caf in Resources */,
				2E362E961A1BF29B00D6968B /* Suspense Accents 07.caf in Resources */,
				2E362E821A1BF29B00D6968B /* Suspense Accents 02.caf in Resources */,
				2E362E7E1A1BF29B00D6968B /* Suspense Accents 01.caf in Resources */,
			);
			runOnlyForDeploymentPostprocessing = 0;
		};
		2EABA0391A176AFA00E9842F /* Resources */ = {
			isa = PBXResourcesBuildPhase;
			buildActionMask = 2147483647;
			files = (
				2E362E931A1BF29B00D6968B /* Suspense Accents 07.caf in Resources */,
				2E362E671A1BF29B00D6968B /* BonanzaButtonBackground4.png in Resources */,
				2E362E631A1BF29B00D6968B /* BonanzaButtonBackground3.png in Resources */,
				2E362E5F1A1BF29B00D6968B /* BonanzaButtonBackground2.png in Resources */,
				2E362E571A1BF29B00D6968B /* BonanzaButtonBackground0.png in Resources */,
				2E362E8B1A1BF29B00D6968B /* Suspense Accents 05.caf in Resources */,
				2E362E391A1BDDC000D6968B /* VlKeynrPad.xib in Resources */,
				2E362E8F1A1BF29B00D6968B /* Suspense Accents 06.caf in Resources */,
				2E53B1791A18E7D90026E154 /* Main.storyboard in Resources */,
				2E362E6B1A1BF29B00D6968B /* BonanzaButtonBackground5.png in Resources */,
				2E362E731A1BF29B00D6968B /* BonanzaLogo.png in Resources */,
				2E362E7F1A1BF29B00D6968B /* Suspense Accents 02.caf in Resources */,
				2E362E771A1BF29B00D6968B /* SoftMatt.mp3 in Resources */,
				2E362E871A1BF29B00D6968B /* Suspense Accents 04.caf in Resources */,
				2E362E5B1A1BF29B00D6968B /* BonanzaButtonBackground1.png in Resources */,
				2E362E6F1A1BF29B00D6968B /* BonanzaButtonBackground6.png in Resources */,
				2E362E831A1BF29B00D6968B /* Suspense Accents 03.caf in Resources */,
				2E362E7B1A1BF29B00D6968B /* Suspense Accents 01.caf in Resources */,
				2EABA0481A176AFA00E9842F /* Images.xcassets in Resources */,
			);
			runOnlyForDeploymentPostprocessing = 0;
		};
		2EABA04E1A176AFA00E9842F /* Resources */ = {
			isa = PBXResourcesBuildPhase;
			buildActionMask = 2147483647;
			files = (
			);
			runOnlyForDeploymentPostprocessing = 0;
		};
		2EABA0621A176C4300E9842F /* Resources */ = {
			isa = PBXResourcesBuildPhase;
			buildActionMask = 2147483647;
			files = (
				2E362E581A1BF29B00D6968B /* BonanzaButtonBackground0.png in Resources */,
				2E362E6C1A1BF29B00D6968B /* BonanzaButtonBackground5.png in Resources */,
				2E362E681A1BF29B00D6968B /* BonanzaButtonBackground4.png in Resources */,
				2E362E941A1BF29B00D6968B /* Suspense Accents 07.caf in Resources */,
				2E362E7C1A1BF29B00D6968B /* Suspense Accents 01.caf in Resources */,
				2E362E5C1A1BF29B00D6968B /* BonanzaButtonBackground1.png in Resources */,
				2E362E741A1BF29B00D6968B /* BonanzaLogo.png in Resources */,
				2E362E881A1BF29B00D6968B /* Suspense Accents 04.caf in Resources */,
				2E362E781A1BF29B00D6968B /* SoftMatt.mp3 in Resources */,
				2E362E411A1BDE5E00D6968B /* VlKeynrPad.xib in Resources */,
				2E362E641A1BF29B00D6968B /* BonanzaButtonBackground3.png in Resources */,
				2E362E801A1BF29B00D6968B /* Suspense Accents 02.caf in Resources */,
				2E362E901A1BF29B00D6968B /* Suspense Accents 06.caf in Resources */,
				2E362E8C1A1BF29B00D6968B /* Suspense Accents 05.caf in Resources */,
				2E362E701A1BF29B00D6968B /* BonanzaButtonBackground6.png in Resources */,
				2E362E841A1BF29B00D6968B /* Suspense Accents 03.caf in Resources */,
				2E362E601A1BF29B00D6968B /* BonanzaButtonBackground2.png in Resources */,
				4064AC111A18CD15003ABB0A /* globeIcon.png in Resources */,
			);
			runOnlyForDeploymentPostprocessing = 0;
		};
		40F068751A746ABF007D9F6D /* Resources */ = {
			isa = PBXResourcesBuildPhase;
			buildActionMask = 2147483647;
			files = (
				4069B23B1A7474350098995C /* BonanzaButtonBackground4.png in Resources */,
				4069B23A1A74742F0098995C /* BonanzaButtonBackground3.png in Resources */,
				4069B2391A74742A0098995C /* BonanzaButtonBackground2.png in Resources */,
				4069B2451A74745A0098995C /* Suspense Accents 07.caf in Resources */,
				4069B23F1A74744A0098995C /* Suspense Accents 01.caf in Resources */,
				4069B2371A7474240098995C /* BonanzaButtonBackground0.png in Resources */,
				4069B2421A7474520098995C /* Suspense Accents 04.caf in Resources */,
				4069B23E1A7474470098995C /* SoftMatt.mp3 in Resources */,
				40F068801A746ABF007D9F6D /* MainInterface.storyboard in Resources */,
				4069B23C1A74743B0098995C /* BonanzaButtonBackground5.png in Resources */,
				4069B2401A74744D0098995C /* Suspense Accents 02.caf in Resources */,
				4069B2441A7474570098995C /* Suspense Accents 06.caf in Resources */,
				4069B2431A7474540098995C /* Suspense Accents 05.caf in Resources */,
				4069B2381A7474270098995C /* BonanzaButtonBackground1.png in Resources */,
				4069B2411A74744F0098995C /* Suspense Accents 03.caf in Resources */,
				4069B23D1A74743E0098995C /* BonanzaButtonBackground6.png in Resources */,
				40F068871A746D16007D9F6D /* VlKeynrPad.xib in Resources */,
			);
			runOnlyForDeploymentPostprocessing = 0;
		};
/* End PBXResourcesBuildPhase section */

/* Begin PBXSourcesBuildPhase section */
		2E4329811A1BDAB200D019DD /* Sources */ = {
			isa = PBXSourcesBuildPhase;
			buildActionMask = 2147483647;
			files = (
				2E362E351A1BDBA500D6968B /* VlKeynrSound.swift in Sources */,
				2E362E401A1BDE5700D6968B /* VlKeynrButton.swift in Sources */,
				2E43298C1A1BDAB200D019DD /* InterfaceController.swift in Sources */,
			);
			runOnlyForDeploymentPostprocessing = 0;
		};
		2EABA0371A176AFA00E9842F /* Sources */ = {
			isa = PBXSourcesBuildPhase;
			buildActionMask = 2147483647;
			files = (
				2E362E381A1BDDC000D6968B /* VlKeynrButton.swift in Sources */,
				2EABA0431A176AFA00E9842F /* ViewController.swift in Sources */,
				2E53B17A1A18E8780026E154 /* KeyboardViewController.swift in Sources */,
				2E53B1751A18E5980026E154 /* VlKeynrSound.swift in Sources */,
				2EABA0411A176AFA00E9842F /* AppDelegate.swift in Sources */,
			);
			runOnlyForDeploymentPostprocessing = 0;
		};
		2EABA04C1A176AFA00E9842F /* Sources */ = {
			isa = PBXSourcesBuildPhase;
			buildActionMask = 2147483647;
			files = (
				2EABA0571A176AFA00E9842F /* VlKeynrTests.swift in Sources */,
			);
			runOnlyForDeploymentPostprocessing = 0;
		};
		2EABA0601A176C4300E9842F /* Sources */ = {
			isa = PBXSourcesBuildPhase;
			buildActionMask = 2147483647;
			files = (
				40A8A0BC1A17A98B00FC9B79 /* VlKeynrSound.swift in Sources */,
				2E362E3F1A1BDE5600D6968B /* VlKeynrButton.swift in Sources */,
				2EABA0691A176C4300E9842F /* KeyboardViewController.swift in Sources */,
			);
			runOnlyForDeploymentPostprocessing = 0;
		};
		40F068731A746ABF007D9F6D /* Sources */ = {
			isa = PBXSourcesBuildPhase;
			buildActionMask = 2147483647;
			files = (
				40F0687E1A746ABF007D9F6D /* TodayViewController.swift in Sources */,
				40B30EC91A746F2600ACAE0B /* VlKeynrSound.swift in Sources */,
				40B30EC81A746F1100ACAE0B /* VlKeynrButton.swift in Sources */,
				40B30EC71A746F0700ACAE0B /* KeyboardViewController.swift in Sources */,
			);
			runOnlyForDeploymentPostprocessing = 0;
		};
/* End PBXSourcesBuildPhase section */

/* Begin PBXTargetDependency section */
		2E4329961A1BDAB300D019DD /* PBXTargetDependency */ = {
			isa = PBXTargetDependency;
			target = 2E4329921A1BDAB300D019DD /* VlKeynr Watch App */;
			targetProxy = 2E4329951A1BDAB300D019DD /* PBXContainerItemProxy */;
		};
		2E43299F1A1BDAB300D019DD /* PBXTargetDependency */ = {
			isa = PBXTargetDependency;
			target = 2E4329841A1BDAB200D019DD /* VlKeynr WatchKit Extension */;
			targetProxy = 2E43299E1A1BDAB300D019DD /* PBXContainerItemProxy */;
		};
		2EABA0521A176AFA00E9842F /* PBXTargetDependency */ = {
			isa = PBXTargetDependency;
			target = 2EABA03A1A176AFA00E9842F /* VlKeynr */;
			targetProxy = 2EABA0511A176AFA00E9842F /* PBXContainerItemProxy */;
		};
		2EABA06B1A176C4300E9842F /* PBXTargetDependency */ = {
			isa = PBXTargetDependency;
			target = 2EABA0631A176C4300E9842F /* VlKeynrPad */;
			targetProxy = 2EABA06A1A176C4300E9842F /* PBXContainerItemProxy */;
		};
		40F068821A746ABF007D9F6D /* PBXTargetDependency */ = {
			isa = PBXTargetDependency;
			target = 40F068761A746ABF007D9F6D /* VlTodaynr */;
			targetProxy = 40F068811A746ABF007D9F6D /* PBXContainerItemProxy */;
		};
/* End PBXTargetDependency section */

/* Begin XCBuildConfiguration section */
		2E4329A21A1BDAB300D019DD /* Debug */ = {
			isa = XCBuildConfiguration;
			buildSettings = {
				ASSETCATALOG_COMPILER_APPICON_NAME = AppIcon;
				ASSETCATALOG_COMPILER_LAUNCHIMAGE_NAME = LaunchImage;
				GCC_PREPROCESSOR_DEFINITIONS = (
					"DEBUG=1",
					"$(inherited)",
				);
				IBSC_MODULE = VlKeynr_WatchKit_Extension;
				INFOPLIST_FILE = "VlKeynr Watch App/Info.plist";
				IPHONEOS_DEPLOYMENT_TARGET = 8.2;
				PRODUCT_NAME = "$(TARGET_NAME)";
				SKIP_INSTALL = YES;
				TARGETED_DEVICE_FAMILY = 4;
				"TARGETED_DEVICE_FAMILY[sdk=iphonesimulator*]" = "1,4";
			};
			name = Debug;
		};
		2E4329A31A1BDAB300D019DD /* Release */ = {
			isa = XCBuildConfiguration;
			buildSettings = {
				ASSETCATALOG_COMPILER_APPICON_NAME = AppIcon;
				ASSETCATALOG_COMPILER_LAUNCHIMAGE_NAME = LaunchImage;
				IBSC_MODULE = VlKeynr_WatchKit_Extension;
				INFOPLIST_FILE = "VlKeynr Watch App/Info.plist";
				IPHONEOS_DEPLOYMENT_TARGET = 8.2;
				PRODUCT_NAME = "$(TARGET_NAME)";
				SKIP_INSTALL = YES;
				TARGETED_DEVICE_FAMILY = 4;
				"TARGETED_DEVICE_FAMILY[sdk=iphonesimulator*]" = "1,4";
			};
			name = Release;
		};
		2E4329A51A1BDAB300D019DD /* Debug */ = {
			isa = XCBuildConfiguration;
			buildSettings = {
				GCC_PREPROCESSOR_DEFINITIONS = (
					"DEBUG=1",
					"$(inherited)",
				);
				INFOPLIST_FILE = "VlKeynr WatchKit Extension/Info.plist";
				IPHONEOS_DEPLOYMENT_TARGET = 8.2;
				LD_RUNPATH_SEARCH_PATHS = "$(inherited) @executable_path/Frameworks @executable_path/../../Frameworks";
				PRODUCT_NAME = "${TARGET_NAME}";
				SKIP_INSTALL = YES;
			};
			name = Debug;
		};
		2E4329A61A1BDAB300D019DD /* Release */ = {
			isa = XCBuildConfiguration;
			buildSettings = {
				INFOPLIST_FILE = "VlKeynr WatchKit Extension/Info.plist";
				IPHONEOS_DEPLOYMENT_TARGET = 8.2;
				LD_RUNPATH_SEARCH_PATHS = "$(inherited) @executable_path/Frameworks @executable_path/../../Frameworks";
				PRODUCT_NAME = "${TARGET_NAME}";
				SKIP_INSTALL = YES;
			};
			name = Release;
		};
		2EABA0581A176AFA00E9842F /* Debug */ = {
			isa = XCBuildConfiguration;
			buildSettings = {
				ALWAYS_SEARCH_USER_PATHS = NO;
				CLANG_CXX_LANGUAGE_STANDARD = "gnu++0x";
				CLANG_CXX_LIBRARY = "libc++";
				CLANG_ENABLE_MODULES = YES;
				CLANG_ENABLE_OBJC_ARC = YES;
				CLANG_WARN_BOOL_CONVERSION = YES;
				CLANG_WARN_CONSTANT_CONVERSION = YES;
				CLANG_WARN_DIRECT_OBJC_ISA_USAGE = YES_ERROR;
				CLANG_WARN_EMPTY_BODY = YES;
				CLANG_WARN_ENUM_CONVERSION = YES;
				CLANG_WARN_INT_CONVERSION = YES;
				CLANG_WARN_OBJC_ROOT_CLASS = YES_ERROR;
				CLANG_WARN_UNREACHABLE_CODE = YES;
				CLANG_WARN__DUPLICATE_METHOD_MATCH = YES;
				"CODE_SIGN_IDENTITY[sdk=iphoneos*]" = "iPhone Developer";
				COPY_PHASE_STRIP = NO;
				ENABLE_STRICT_OBJC_MSGSEND = YES;
				GCC_C_LANGUAGE_STANDARD = gnu99;
				GCC_DYNAMIC_NO_PIC = NO;
				GCC_OPTIMIZATION_LEVEL = 0;
				GCC_PREPROCESSOR_DEFINITIONS = (
					"DEBUG=1",
					"$(inherited)",
				);
				GCC_SYMBOLS_PRIVATE_EXTERN = NO;
				GCC_WARN_64_TO_32_BIT_CONVERSION = YES;
				GCC_WARN_ABOUT_RETURN_TYPE = YES_ERROR;
				GCC_WARN_UNDECLARED_SELECTOR = YES;
				GCC_WARN_UNINITIALIZED_AUTOS = YES_AGGRESSIVE;
				GCC_WARN_UNUSED_FUNCTION = YES;
				GCC_WARN_UNUSED_VARIABLE = YES;
				IPHONEOS_DEPLOYMENT_TARGET = 8.0;
				MTL_ENABLE_DEBUG_INFO = YES;
				ONLY_ACTIVE_ARCH = NO;
				SDKROOT = iphoneos;
				SWIFT_OPTIMIZATION_LEVEL = "-Onone";
				TARGETED_DEVICE_FAMILY = "1,2";
			};
			name = Debug;
		};
		2EABA0591A176AFA00E9842F /* Release */ = {
			isa = XCBuildConfiguration;
			buildSettings = {
				ALWAYS_SEARCH_USER_PATHS = NO;
				CLANG_CXX_LANGUAGE_STANDARD = "gnu++0x";
				CLANG_CXX_LIBRARY = "libc++";
				CLANG_ENABLE_MODULES = YES;
				CLANG_ENABLE_OBJC_ARC = YES;
				CLANG_WARN_BOOL_CONVERSION = YES;
				CLANG_WARN_CONSTANT_CONVERSION = YES;
				CLANG_WARN_DIRECT_OBJC_ISA_USAGE = YES_ERROR;
				CLANG_WARN_EMPTY_BODY = YES;
				CLANG_WARN_ENUM_CONVERSION = YES;
				CLANG_WARN_INT_CONVERSION = YES;
				CLANG_WARN_OBJC_ROOT_CLASS = YES_ERROR;
				CLANG_WARN_UNREACHABLE_CODE = YES;
				CLANG_WARN__DUPLICATE_METHOD_MATCH = YES;
				"CODE_SIGN_IDENTITY[sdk=iphoneos*]" = "iPhone Developer";
				COPY_PHASE_STRIP = YES;
				ENABLE_NS_ASSERTIONS = NO;
				ENABLE_STRICT_OBJC_MSGSEND = YES;
				GCC_C_LANGUAGE_STANDARD = gnu99;
				GCC_WARN_64_TO_32_BIT_CONVERSION = YES;
				GCC_WARN_ABOUT_RETURN_TYPE = YES_ERROR;
				GCC_WARN_UNDECLARED_SELECTOR = YES;
				GCC_WARN_UNINITIALIZED_AUTOS = YES_AGGRESSIVE;
				GCC_WARN_UNUSED_FUNCTION = YES;
				GCC_WARN_UNUSED_VARIABLE = YES;
				IPHONEOS_DEPLOYMENT_TARGET = 8.0;
				MTL_ENABLE_DEBUG_INFO = NO;
				SDKROOT = iphoneos;
				TARGETED_DEVICE_FAMILY = "1,2";
				VALIDATE_PRODUCT = YES;
			};
			name = Release;
		};
		2EABA05B1A176AFA00E9842F /* Debug */ = {
			isa = XCBuildConfiguration;
			buildSettings = {
				ASSETCATALOG_COMPILER_APPICON_NAME = AppIcon;
				EMBEDDED_CONTENT_CONTAINS_SWIFT = YES;
				INFOPLIST_FILE = VlKeynr/Info.plist;
				LD_RUNPATH_SEARCH_PATHS = "$(inherited) @executable_path/Frameworks";
				PRODUCT_NAME = "$(TARGET_NAME)";
			};
			name = Debug;
		};
		2EABA05C1A176AFA00E9842F /* Release */ = {
			isa = XCBuildConfiguration;
			buildSettings = {
				ASSETCATALOG_COMPILER_APPICON_NAME = AppIcon;
				EMBEDDED_CONTENT_CONTAINS_SWIFT = YES;
				INFOPLIST_FILE = VlKeynr/Info.plist;
				LD_RUNPATH_SEARCH_PATHS = "$(inherited) @executable_path/Frameworks";
				PRODUCT_NAME = "$(TARGET_NAME)";
			};
			name = Release;
		};
		2EABA05E1A176AFA00E9842F /* Debug */ = {
			isa = XCBuildConfiguration;
			buildSettings = {
				BUNDLE_LOADER = "$(TEST_HOST)";
				FRAMEWORK_SEARCH_PATHS = (
					"$(SDKROOT)/Developer/Library/Frameworks",
					"$(inherited)",
				);
				GCC_PREPROCESSOR_DEFINITIONS = (
					"DEBUG=1",
					"$(inherited)",
				);
				INFOPLIST_FILE = VlKeynrTests/Info.plist;
				LD_RUNPATH_SEARCH_PATHS = "$(inherited) @executable_path/Frameworks @loader_path/Frameworks";
				PRODUCT_NAME = "$(TARGET_NAME)";
				TEST_HOST = "$(BUILT_PRODUCTS_DIR)/VlKeynr.app/VlKeynr";
			};
			name = Debug;
		};
		2EABA05F1A176AFA00E9842F /* Release */ = {
			isa = XCBuildConfiguration;
			buildSettings = {
				BUNDLE_LOADER = "$(TEST_HOST)";
				FRAMEWORK_SEARCH_PATHS = (
					"$(SDKROOT)/Developer/Library/Frameworks",
					"$(inherited)",
				);
				INFOPLIST_FILE = VlKeynrTests/Info.plist;
				LD_RUNPATH_SEARCH_PATHS = "$(inherited) @executable_path/Frameworks @loader_path/Frameworks";
				PRODUCT_NAME = "$(TARGET_NAME)";
				TEST_HOST = "$(BUILT_PRODUCTS_DIR)/VlKeynr.app/VlKeynr";
			};
			name = Release;
		};
		2EABA06D1A176C4300E9842F /* Debug */ = {
			isa = XCBuildConfiguration;
			buildSettings = {
				GCC_PREPROCESSOR_DEFINITIONS = (
					"DEBUG=1",
					"$(inherited)",
				);
				INFOPLIST_FILE = VlKeynrPad/Info.plist;
				LD_RUNPATH_SEARCH_PATHS = "$(inherited) @executable_path/Frameworks @executable_path/../../Frameworks";
				PRODUCT_NAME = "$(TARGET_NAME)";
				SKIP_INSTALL = YES;
			};
			name = Debug;
		};
		2EABA06E1A176C4300E9842F /* Release */ = {
			isa = XCBuildConfiguration;
			buildSettings = {
				INFOPLIST_FILE = VlKeynrPad/Info.plist;
				LD_RUNPATH_SEARCH_PATHS = "$(inherited) @executable_path/Frameworks @executable_path/../../Frameworks";
				PRODUCT_NAME = "$(TARGET_NAME)";
				SKIP_INSTALL = YES;
			};
			name = Release;
		};
		40F068841A746AC0007D9F6D /* Debug */ = {
			isa = XCBuildConfiguration;
			buildSettings = {
				GCC_PREPROCESSOR_DEFINITIONS = (
					"DEBUG=1",
					"$(inherited)",
				);
				INFOPLIST_FILE = VlTodaynr/Info.plist;
				IPHONEOS_DEPLOYMENT_TARGET = 8.0;
				LD_RUNPATH_SEARCH_PATHS = "$(inherited) @executable_path/Frameworks @executable_path/../../Frameworks";
				PRODUCT_NAME = "$(TARGET_NAME)";
				SKIP_INSTALL = YES;
			};
			name = Debug;
		};
		40F068851A746AC0007D9F6D /* Release */ = {
			isa = XCBuildConfiguration;
			buildSettings = {
				COPY_PHASE_STRIP = NO;
				INFOPLIST_FILE = VlTodaynr/Info.plist;
				IPHONEOS_DEPLOYMENT_TARGET = 8.0;
				LD_RUNPATH_SEARCH_PATHS = "$(inherited) @executable_path/Frameworks @executable_path/../../Frameworks";
				PRODUCT_NAME = "$(TARGET_NAME)";
				SKIP_INSTALL = YES;
			};
			name = Release;
		};
/* End XCBuildConfiguration section */

/* Begin XCConfigurationList section */
		2E4329A11A1BDAB300D019DD /* Build configuration list for PBXNativeTarget "VlKeynr Watch App" */ = {
			isa = XCConfigurationList;
			buildConfigurations = (
				2E4329A21A1BDAB300D019DD /* Debug */,
				2E4329A31A1BDAB300D019DD /* Release */,
			);
			defaultConfigurationIsVisible = 0;
			defaultConfigurationName = Release;
		};
		2E4329A41A1BDAB300D019DD /* Build configuration list for PBXNativeTarget "VlKeynr WatchKit Extension" */ = {
			isa = XCConfigurationList;
			buildConfigurations = (
				2E4329A51A1BDAB300D019DD /* Debug */,
				2E4329A61A1BDAB300D019DD /* Release */,
			);
			defaultConfigurationIsVisible = 0;
			defaultConfigurationName = Release;
		};
		2EABA0361A176AFA00E9842F /* Build configuration list for PBXProject "VlKeynr" */ = {
			isa = XCConfigurationList;
			buildConfigurations = (
				2EABA0581A176AFA00E9842F /* Debug */,
				2EABA0591A176AFA00E9842F /* Release */,
			);
			defaultConfigurationIsVisible = 0;
			defaultConfigurationName = Release;
		};
		2EABA05A1A176AFA00E9842F /* Build configuration list for PBXNativeTarget "VlKeynr" */ = {
			isa = XCConfigurationList;
			buildConfigurations = (
				2EABA05B1A176AFA00E9842F /* Debug */,
				2EABA05C1A176AFA00E9842F /* Release */,
			);
			defaultConfigurationIsVisible = 0;
			defaultConfigurationName = Release;
		};
		2EABA05D1A176AFA00E9842F /* Build configuration list for PBXNativeTarget "VlKeynrTests" */ = {
			isa = XCConfigurationList;
			buildConfigurations = (
				2EABA05E1A176AFA00E9842F /* Debug */,
				2EABA05F1A176AFA00E9842F /* Release */,
			);
			defaultConfigurationIsVisible = 0;
			defaultConfigurationName = Release;
		};
		2EABA06F1A176C4300E9842F /* Build configuration list for PBXNativeTarget "VlKeynrPad" */ = {
			isa = XCConfigurationList;
			buildConfigurations = (
				2EABA06D1A176C4300E9842F /* Debug */,
				2EABA06E1A176C4300E9842F /* Release */,
			);
			defaultConfigurationIsVisible = 0;
			defaultConfigurationName = Release;
		};
		40F068861A746AC0007D9F6D /* Build configuration list for PBXNativeTarget "VlTodaynr" */ = {
			isa = XCConfigurationList;
			buildConfigurations = (
				40F068841A746AC0007D9F6D /* Debug */,
				40F068851A746AC0007D9F6D /* Release */,
			);
			defaultConfigurationIsVisible = 0;
			defaultConfigurationName = Release;
		};
/* End XCConfigurationList section */
	};
	rootObject = 2EABA0331A176AFA00E9842F /* Project object */;
}
