<?xml version="1.0" encoding="UTF-8"?>
<Scheme
   LastUpgradeVersion = "0620"
   version = "1.8">
   <BuildAction
      parallelizeBuildables = "YES"
      buildImplicitDependencies = "YES">
      <BuildActionEntries>
         <BuildActionEntry
            buildForTesting = "YES"
            buildForRunning = "YES"
            buildForProfiling = "YES"
            buildForArchiving = "YES"
            buildForAnalyzing = "YES">
            <BuildableReference
               BuildableIdentifier = "primary"
               BlueprintIdentifier = "2E4329921A1BDAB300D019DD"
               BuildableName = "VlKeynr Watch App.app"
               BlueprintName = "VlKeynr Watch App"
               ReferencedContainer = "container:VlKeynr.xcodeproj">
            </BuildableReference>
         </BuildActionEntry>
         <BuildActionEntry
            buildForTesting = "YES"
            buildForRunning = "YES"
            buildForProfiling = "YES"
            buildForArchiving = "YES"
            buildForAnalyzing = "YES">
            <BuildableReference
               BuildableIdentifier = "primary"
               BlueprintIdentifier = "2EABA03A1A176AFA00E9842F"
               BuildableName = "VlKeynr.app"
               BlueprintName = "VlKeynr"
               ReferencedContainer = "container:VlKeynr.xcodeproj">
            </BuildableReference>
         </BuildActionEntry>
         <BuildActionEntry
            buildForTesting = "YES"
            buildForRunning = "YES"
            buildForProfiling = "YES"
            buildForArchiving = "YES"
            buildForAnalyzing = "YES">
            <BuildableReference
               BuildableIdentifier = "primary"
               BlueprintIdentifier = "2E4329841A1BDAB200D019DD"
               BuildableName = "VlKeynr WatchKit Extension.appex"
               BlueprintName = "VlKeynr WatchKit Extension"
               ReferencedContainer = "container:VlKeynr.xcodeproj">
            </BuildableReference>
         </BuildActionEntry>
      </BuildActionEntries>
   </BuildAction>
   <TestAction
      selectedDebuggerIdentifier = "Xcode.DebuggerFoundation.Debugger.LLDB"
      selectedLauncherIdentifier = "Xcode.DebuggerFoundation.Launcher.LLDB"
      shouldUseLaunchSchemeArgsEnv = "YES"
      buildConfiguration = "Debug">
      <Testables>
      </Testables>
      <MacroExpansion>
         <BuildableReference
            BuildableIdentifier = "primary"
            BlueprintIdentifier = "2E4329921A1BDAB300D019DD"
            BuildableName = "VlKeynr Watch App.app"
            BlueprintName = "VlKeynr Watch App"
            ReferencedContainer = "container:VlKeynr.xcodeproj">
         </BuildableReference>
      </MacroExpansion>
   </TestAction>
   <LaunchAction
      selectedDebuggerIdentifier = "Xcode.DebuggerFoundation.Debugger.LLDB"
      selectedLauncherIdentifier = "Xcode.DebuggerFoundation.Launcher.LLDB"
      launchStyle = "0"
      useCustomWorkingDirectory = "NO"
      buildConfiguration = "Debug"
      ignoresPersistentStateOnLaunch = "NO"
      debugDocumentVersioning = "YES"
      allowLocationSimulation = "YES">
      <RemoteRunnable
         runnableDebuggingMode = "2"
         BundleIdentifier = "com.apple.springboard"
         RemotePath = "/VlKeynr">
         <BuildableReference
            BuildableIdentifier = "primary"
            BlueprintIdentifier = "2E4329921A1BDAB300D019DD"
            BuildableName = "VlKeynr Watch App.app"
            BlueprintName = "VlKeynr Watch App"
            ReferencedContainer = "container:VlKeynr.xcodeproj">
         </BuildableReference>
      </RemoteRunnable>
      <MacroExpansion>
         <BuildableReference
            BuildableIdentifier = "primary"
            BlueprintIdentifier = "2E4329921A1BDAB300D019DD"
            BuildableName = "VlKeynr Watch App.app"
            BlueprintName = "VlKeynr Watch App"
            ReferencedContainer = "container:VlKeynr.xcodeproj">
         </BuildableReference>
      </MacroExpansion>
      <AdditionalOptions>
      </AdditionalOptions>
   </LaunchAction>
   <ProfileAction
      shouldUseLaunchSchemeArgsEnv = "YES"
      savedToolIdentifier = ""
      useCustomWorkingDirectory = "NO"
      buildConfiguration = "Release"
      debugDocumentVersioning = "YES">
      <MacroExpansion>
         <BuildableReference
            BuildableIdentifier = "primary"
            BlueprintIdentifier = "2E4329921A1BDAB300D019DD"
            BuildableName = "VlKeynr Watch App.app"
            BlueprintName = "VlKeynr Watch App"
            ReferencedContainer = "container:VlKeynr.xcodeproj">
         </BuildableReference>
      </MacroExpansion>
      <RemoteRunnable
         runnableDebuggingMode = "2"
         BundleIdentifier = "com.apple.springboard"
         RemotePath = "/VlKeynr">
         <BuildableReference
            BuildableIdentifier = "primary"
            BlueprintIdentifier = "2E43295A1A1BD70400D019DD"
            BuildableName = "VlKeynr Watch App.app"
            BlueprintName = "VlKeynr Watch App"
            ReferencedContainer = "container:VlKeynr.xcodeproj">
         </BuildableReference>
      </RemoteRunnable>
   </ProfileAction>
   <AnalyzeAction
      buildConfiguration = "Debug">
   </AnalyzeAction>
   <ArchiveAction
      buildConfiguration = "Release"
      revealArchiveInOrganizer = "YES">
   </ArchiveAction>
</Scheme>
